{
  "name": "test2",
  "version": "1.0.0",
  "lockfileVersion": 3,
  "requires": true,
  "packages": {
    "": {
      "name": "test2",
      "version": "1.0.0",
      "license": "MIT",
      "dependencies": {
        "@permaweb/ao-loader": "^0.0.35"
      },
      "engines": {
        "node": "22"
      }
    },
    "node_modules/@permaweb/ao-loader": {
      "version": "0.0.35",
      "resolved": "https://registry.npmjs.org/@permaweb/ao-loader/-/ao-loader-0.0.35.tgz",
      "integrity": "sha512-vgDs2PYJqiKYnEVHYccP5VOjc+YkcinYW8YQa53fxYzy4D/KEWwiMnocz3zNb7L+6dKNT6EghHft7xMcs01WMQ==",
      "engines": {
        "node": ">=18"
      }
    }
  }
}
